
Microsoft Visual Studio Solution File, Format Version 12.00
# Visual Studio Version 16
VisualStudioVersion = 16.0.30114.105
MinimumVisualStudioVersion = 10.0.40219.1
Project("{FAE04EC0-301F-11D3-BF4B-00C04F79EFBC}") = "AtHackers", "..\AtHackers\AtHackers\AtHackers.csproj", "{DAD9E8C6-05AD-4092-A8B6-2576744A637F}"
EndProject
Project("{FAE04EC0-301F-11D3-BF4B-00C04F79EFBC}") = "PreLibraryTest", "PreLibraryTest\PreLibraryTest.csproj", "{7C7B713C-F8E4-4827-883C-96E80DF30A11}"
EndProject
Global
	GlobalSection(SolutionConfigurationPlatforms) = preSolution
		Debug|Any CPU = Debug|Any CPU
		Release|Any CPU = Release|Any CPU
	EndGlobalSection
	GlobalSection(SolutionProperties) = preSolution
		HideSolutionNode = FALSE
	EndGlobalSection
	GlobalSection(ProjectConfigurationPlatforms) = postSolution
		{DAD9E8C6-05AD-4092-A8B6-2576744A637F}.Debug|Any CPU.ActiveCfg = Debug|Any CPU
		{DAD9E8C6-05AD-4092-A8B6-2576744A637F}.Debug|Any CPU.Build.0 = Debug|Any CPU
		{DAD9E8C6-05AD-4092-A8B6-2576744A637F}.Release|Any CPU.ActiveCfg = Release|Any CPU
		{DAD9E8C6-05AD-4092-A8B6-2576744A637F}.Release|Any CPU.Build.0 = Release|Any CPU
		{FBD899A7-4089-4949-AAAE-72EA2DCA4E9D}.Debug|Any CPU.ActiveCfg = Debug|Any CPU
		{FBD899A7-4089-4949-AAAE-72EA2DCA4E9D}.Debug|Any CPU.Build.0 = Debug|Any CPU
		{FBD899A7-4089-4949-AAAE-72EA2DCA4E9D}.Release|Any CPU.ActiveCfg = Release|Any CPU
		{FBD899A7-4089-4949-AAAE-72EA2DCA4E9D}.Release|Any CPU.Build.0 = Release|Any CPU
		{7C7B713C-F8E4-4827-883C-96E80DF30A11}.Debug|Any CPU.ActiveCfg = Debug|Any CPU
		{7C7B713C-F8E4-4827-883C-96E80DF30A11}.Debug|Any CPU.Build.0 = Debug|Any CPU
		{7C7B713C-F8E4-4827-883C-96E80DF30A11}.Release|Any CPU.ActiveCfg = Release|Any CPU
		{7C7B713C-F8E4-4827-883C-96E80DF30A11}.Release|Any CPU.Build.0 = Release|Any CPU
	EndGlobalSection
EndGlobal
